
Microsoft Visual Studio Solution File, Format Version 12.00
# Visual Studio Version 17
VisualStudioVersion = 17.4.33103.184
MinimumVisualStudioVersion = 10.0.40219.1
Project("{FAE04EC0-301F-11D3-BF4B-00C04F79EFBC}") = "P2_TIDSM4A_MSM_U3", "P2_TIDSM4A_MSM_U3\P2_TIDSM4A_MSM_U3.csproj", "{73864071-151B-4104-9632-4A8408110B50}"
EndProject
Global
	GlobalSection(SolutionConfigurationPlatforms) = preSolution
		Debug|Any CPU = Debug|Any CPU
		Release|Any CPU = Release|Any CPU
	EndGlobalSection
	GlobalSection(ProjectConfigurationPlatforms) = postSolution
		{73864071-151B-4104-9632-4A8408110B50}.Debug|Any CPU.ActiveCfg = Debug|Any CPU
		{73864071-151B-4104-9632-4A8408110B50}.Debug|Any CPU.Build.0 = Debug|Any CPU
		{73864071-151B-4104-9632-4A8408110B50}.Release|Any CPU.ActiveCfg = Release|Any CPU
		{73864071-151B-4104-9632-4A8408110B50}.Release|Any CPU.Build.0 = Release|Any CPU
	EndGlobalSection
	GlobalSection(SolutionProperties) = preSolution
		HideSolutionNode = FALSE
	EndGlobalSection
	GlobalSection(ExtensibilityGlobals) = postSolution
		SolutionGuid = {73961334-A4FD-46F2-9CEE-B6C54292D7A2}
	EndGlobalSection
EndGlobal
